
Microsoft Visual Studio Solution File, Format Version 12.00
# Visual Studio Version 16
VisualStudioVersion = 16.0.30503.244
MinimumVisualStudioVersion = 10.0.40219.1
Project("{9A19103F-16F7-4668-BE54-9A1E7A4F7556}") = "DenizKc.ToDo.DataAccess", "DenizKc.ToDo.DataAccess\DenizKc.ToDo.DataAccess.csproj", "{28FD4CE1-538D-4F37-A462-8B644AC30D83}"
EndProject
Project("{9A19103F-16F7-4668-BE54-9A1E7A4F7556}") = "DenizKc.ToDo.Business", "DenizKc.ToDo.Business\DenizKc.ToDo.Business.csproj", "{56B2949A-8689-4068-BEBB-EB0EC3701946}"
EndProject
Project("{9A19103F-16F7-4668-BE54-9A1E7A4F7556}") = "DenizKC.ToDo.Entities", "DenizKC.ToDo.Entities\DenizKC.ToDo.Entities.csproj", "{B3351F53-38D7-48FA-B86A-BA4AE1F2AF73}"
EndProject
Project("{FAE04EC0-301F-11D3-BF4B-00C04F79EFBC}") = "DenizKabacelik.ToDo.Web", "DenizKabacelik.ToDo.Web\DenizKabacelik.ToDo.Web.csproj", "{77461E68-4AA4-470B-AE50-0860C9BACB77}"
EndProject
Global
	GlobalSection(SolutionConfigurationPlatforms) = preSolution
		Debug|Any CPU = Debug|Any CPU
		Release|Any CPU = Release|Any CPU
	EndGlobalSection
	GlobalSection(ProjectConfigurationPlatforms) = postSolution
		{28FD4CE1-538D-4F37-A462-8B644AC30D83}.Debug|Any CPU.ActiveCfg = Debug|Any CPU
		{28FD4CE1-538D-4F37-A462-8B644AC30D83}.Debug|Any CPU.Build.0 = Debug|Any CPU
		{28FD4CE1-538D-4F37-A462-8B644AC30D83}.Release|Any CPU.ActiveCfg = Release|Any CPU
		{28FD4CE1-538D-4F37-A462-8B644AC30D83}.Release|Any CPU.Build.0 = Release|Any CPU
		{56B2949A-8689-4068-BEBB-EB0EC3701946}.Debug|Any CPU.ActiveCfg = Debug|Any CPU
		{56B2949A-8689-4068-BEBB-EB0EC3701946}.Debug|Any CPU.Build.0 = Debug|Any CPU
		{56B2949A-8689-4068-BEBB-EB0EC3701946}.Release|Any CPU.ActiveCfg = Release|Any CPU
		{56B2949A-8689-4068-BEBB-EB0EC3701946}.Release|Any CPU.Build.0 = Release|Any CPU
		{B3351F53-38D7-48FA-B86A-BA4AE1F2AF73}.Debug|Any CPU.ActiveCfg = Debug|Any CPU
		{B3351F53-38D7-48FA-B86A-BA4AE1F2AF73}.Debug|Any CPU.Build.0 = Debug|Any CPU
		{B3351F53-38D7-48FA-B86A-BA4AE1F2AF73}.Release|Any CPU.ActiveCfg = Release|Any CPU
		{B3351F53-38D7-48FA-B86A-BA4AE1F2AF73}.Release|Any CPU.Build.0 = Release|Any CPU
		{77461E68-4AA4-470B-AE50-0860C9BACB77}.Debug|Any CPU.ActiveCfg = Debug|Any CPU
		{77461E68-4AA4-470B-AE50-0860C9BACB77}.Debug|Any CPU.Build.0 = Debug|Any CPU
		{77461E68-4AA4-470B-AE50-0860C9BACB77}.Release|Any CPU.ActiveCfg = Release|Any CPU
		{77461E68-4AA4-470B-AE50-0860C9BACB77}.Release|Any CPU.Build.0 = Release|Any CPU
	EndGlobalSection
	GlobalSection(SolutionProperties) = preSolution
		HideSolutionNode = FALSE
	EndGlobalSection
	GlobalSection(ExtensibilityGlobals) = postSolution
		SolutionGuid = {622173B3-8D0E-4732-9D13-778B434FEEF1}
	EndGlobalSection
EndGlobal
